
Microsoft Visual Studio Solution File, Format Version 12.00
# Visual Studio 2012
Project("{FAE04EC0-301F-11D3-BF4B-00C04F79EFBC}") = "SampleDemo", "SampleDemo\SampleDemo.csproj", "{1CF150F4-8A70-46B4-9D96-B7D549605A69}"
EndProject
Global
	GlobalSection(SolutionConfigurationPlatforms) = preSolution
		Debug|iPhoneSimulator = Debug|iPhoneSimulator
		Release|iPhone = Release|iPhone
		Release|iPhoneSimulator = Release|iPhoneSimulator
		Debug|iPhone = Debug|iPhone
	EndGlobalSection
	GlobalSection(ProjectConfigurationPlatforms) = postSolution
		{1CF150F4-8A70-46B4-9D96-B7D549605A69}.Debug|iPhoneSimulator.ActiveCfg = Debug|iPhoneSimulator
		{1CF150F4-8A70-46B4-9D96-B7D549605A69}.Debug|iPhoneSimulator.Build.0 = Debug|iPhoneSimulator
		{1CF150F4-8A70-46B4-9D96-B7D549605A69}.Release|iPhone.ActiveCfg = Release|iPhone
		{1CF150F4-8A70-46B4-9D96-B7D549605A69}.Release|iPhone.Build.0 = Release|iPhone
		{1CF150F4-8A70-46B4-9D96-B7D549605A69}.Release|iPhoneSimulator.ActiveCfg = Release|iPhoneSimulator
		{1CF150F4-8A70-46B4-9D96-B7D549605A69}.Release|iPhoneSimulator.Build.0 = Release|iPhoneSimulator
		{1CF150F4-8A70-46B4-9D96-B7D549605A69}.Debug|iPhone.ActiveCfg = Debug|iPhone
		{1CF150F4-8A70-46B4-9D96-B7D549605A69}.Debug|iPhone.Build.0 = Debug|iPhone
	EndGlobalSection
EndGlobal
